// !$*UTF8*$!
{
	archiveVersion = 1;
	classes = {
	};
	objectVersion = 46;
	objects = {

/* Begin PBXAggregateTarget section */
		"ScryLogFileService::ScryLogFileServicePackageTests::ProductTarget" /* ScryLogFileServicePackageTests */ = {
			isa = PBXAggregateTarget;
			buildConfigurationList = OBJ_127 /* Build configuration list for PBXAggregateTarget "ScryLogFileServicePackageTests" */;
			buildPhases = (
			);
			dependencies = (
				OBJ_130 /* PBXTargetDependency */,
			);
			name = ScryLogFileServicePackageTests;
			productName = ScryLogFileServicePackageTests;
		};
/* End PBXAggregateTarget section */

/* Begin PBXBuildFile section */
		8453AA0A21F232360025F72D /* TableExtension.swift in Sources */ = {isa = PBXBuildFile; fileRef = OBJ_9 /* TableExtension.swift */; };
		8453AA0B21F2323D0025F72D /* ScryLogFileService.swift in Sources */ = {isa = PBXBuildFile; fileRef = OBJ_11 /* ScryLogFileService.swift */; };
		8453AA0E21F233120025F72D /* ScryLogFileServiceTests.swift in Sources */ = {isa = PBXBuildFile; fileRef = 8453AA0C21F233110025F72D /* ScryLogFileServiceTests.swift */; };
		8453AA0F21F233120025F72D /* XCTestManifests.swift in Sources */ = {isa = PBXBuildFile; fileRef = 8453AA0D21F233120025F72D /* XCTestManifests.swift */; };
		8453AA1021F233BE0025F72D /* ScryLogFileService.framework in Frameworks */ = {isa = PBXBuildFile; fileRef = "ScryLogFileService::ScryLogFileService::Product" /* ScryLogFileService.framework */; };
		84AA92C621FE69E100DF9F89 /* Entity.swift in Sources */ = {isa = PBXBuildFile; fileRef = 84AA92C521FE69E100DF9F89 /* Entity.swift */; };
		84AA92C721FE69E100DF9F89 /* Entity.swift in Sources */ = {isa = PBXBuildFile; fileRef = 84AA92C521FE69E100DF9F89 /* Entity.swift */; };
		84AA92C921FE6A0200DF9F89 /* Version.swift in Sources */ = {isa = PBXBuildFile; fileRef = 84AA92C821FE6A0200DF9F89 /* Version.swift */; };
		84AA92CA21FE6A0200DF9F89 /* Version.swift in Sources */ = {isa = PBXBuildFile; fileRef = 84AA92C821FE6A0200DF9F89 /* Version.swift */; };
		OBJ_102 /* Package.swift in Sources */ = {isa = PBXBuildFile; fileRef = OBJ_23 /* Package.swift */; };
		OBJ_108 /* TableExtension.swift in Sources */ = {isa = PBXBuildFile; fileRef = OBJ_9 /* TableExtension.swift */; };
		OBJ_109 /* ScryLogFileService.swift in Sources */ = {isa = PBXBuildFile; fileRef = OBJ_11 /* ScryLogFileService.swift */; };
		OBJ_111 /* ScryLogHTMLParser.framework in Frameworks */ = {isa = PBXBuildFile; fileRef = "ScryLogHTMLParser::ScryLogHTMLParser::Product" /* ScryLogHTMLParser.framework */; };
		OBJ_112 /* Kanna.framework in Frameworks */ = {isa = PBXBuildFile; fileRef = "Kanna::Kanna::Product" /* Kanna.framework */; };
		OBJ_113 /* Files.framework in Frameworks */ = {isa = PBXBuildFile; fileRef = "Files::Files::Product" /* Files.framework */; };
		OBJ_114 /* CSV.framework in Frameworks */ = {isa = PBXBuildFile; fileRef = "CSV.swift::CSV::Product" /* CSV.framework */; };
		OBJ_125 /* Package.swift in Sources */ = {isa = PBXBuildFile; fileRef = OBJ_6 /* Package.swift */; };
		OBJ_139 /* ScryLogHTMLParser.framework in Frameworks */ = {isa = PBXBuildFile; fileRef = "ScryLogHTMLParser::ScryLogHTMLParser::Product" /* ScryLogHTMLParser.framework */; };
		OBJ_140 /* Kanna.framework in Frameworks */ = {isa = PBXBuildFile; fileRef = "Kanna::Kanna::Product" /* Kanna.framework */; };
		OBJ_141 /* Files.framework in Frameworks */ = {isa = PBXBuildFile; fileRef = "Files::Files::Product" /* Files.framework */; };
		OBJ_142 /* CSV.framework in Frameworks */ = {isa = PBXBuildFile; fileRef = "CSV.swift::CSV::Product" /* CSV.framework */; };
		OBJ_151 /* Table.swift in Sources */ = {isa = PBXBuildFile; fileRef = OBJ_20 /* Table.swift */; };
		OBJ_152 /* ScryLogHTMLParser.swift in Sources */ = {isa = PBXBuildFile; fileRef = OBJ_21 /* ScryLogHTMLParser.swift */; };
		OBJ_154 /* Kanna.framework in Frameworks */ = {isa = PBXBuildFile; fileRef = "Kanna::Kanna::Product" /* Kanna.framework */; };
		OBJ_161 /* Package.swift in Sources */ = {isa = PBXBuildFile; fileRef = OBJ_18 /* Package.swift */; };
		OBJ_57 /* BinaryReader.swift in Sources */ = {isa = PBXBuildFile; fileRef = OBJ_36 /* BinaryReader.swift */; };
		OBJ_58 /* CSV.swift in Sources */ = {isa = PBXBuildFile; fileRef = OBJ_37 /* CSV.swift */; };
		OBJ_59 /* CSVError.swift in Sources */ = {isa = PBXBuildFile; fileRef = OBJ_38 /* CSVError.swift */; };
		OBJ_60 /* CSVReader.swift in Sources */ = {isa = PBXBuildFile; fileRef = OBJ_39 /* CSVReader.swift */; };
		OBJ_61 /* CSVRowDecoder.swift in Sources */ = {isa = PBXBuildFile; fileRef = OBJ_40 /* CSVRowDecoder.swift */; };
		OBJ_62 /* CSVWriter.swift in Sources */ = {isa = PBXBuildFile; fileRef = OBJ_41 /* CSVWriter.swift */; };
		OBJ_63 /* Endian.swift in Sources */ = {isa = PBXBuildFile; fileRef = OBJ_42 /* Endian.swift */; };
		OBJ_64 /* UnicodeIterator.swift in Sources */ = {isa = PBXBuildFile; fileRef = OBJ_43 /* UnicodeIterator.swift */; };
		OBJ_71 /* Package.swift in Sources */ = {isa = PBXBuildFile; fileRef = OBJ_44 /* Package.swift */; };
		OBJ_77 /* Files.swift in Sources */ = {isa = PBXBuildFile; fileRef = OBJ_33 /* Files.swift */; };
		OBJ_84 /* Package.swift in Sources */ = {isa = PBXBuildFile; fileRef = OBJ_32 /* Package.swift */; };
		OBJ_90 /* CSS.swift in Sources */ = {isa = PBXBuildFile; fileRef = OBJ_25 /* CSS.swift */; };
		OBJ_91 /* Deprecated.swift in Sources */ = {isa = PBXBuildFile; fileRef = OBJ_26 /* Deprecated.swift */; };
		OBJ_92 /* Kanna.swift in Sources */ = {isa = PBXBuildFile; fileRef = OBJ_27 /* Kanna.swift */; };
		OBJ_93 /* libxmlHTMLDocument.swift in Sources */ = {isa = PBXBuildFile; fileRef = OBJ_28 /* libxmlHTMLDocument.swift */; };
		OBJ_94 /* libxmlHTMLNode.swift in Sources */ = {isa = PBXBuildFile; fileRef = OBJ_29 /* libxmlHTMLNode.swift */; };
		OBJ_95 /* libxmlParserOption.swift in Sources */ = {isa = PBXBuildFile; fileRef = OBJ_30 /* libxmlParserOption.swift */; };
/* End PBXBuildFile section */

/* Begin PBXContainerItemProxy section */
		8453A9FF21E82B8F0025F72D /* PBXContainerItemProxy */ = {
			isa = PBXContainerItemProxy;
			containerPortal = OBJ_1 /* Project object */;
			proxyType = 1;
			remoteGlobalIDString = "ScryLogHTMLParser::ScryLogHTMLParser";
			remoteInfo = ScryLogHTMLParser;
		};
		8453AA0021E82B8F0025F72D /* PBXContainerItemProxy */ = {
			isa = PBXContainerItemProxy;
			containerPortal = OBJ_1 /* Project object */;
			proxyType = 1;
			remoteGlobalIDString = "Kanna::Kanna";
			remoteInfo = Kanna;
		};
		8453AA0121E82B8F0025F72D /* PBXContainerItemProxy */ = {
			isa = PBXContainerItemProxy;
			containerPortal = OBJ_1 /* Project object */;
			proxyType = 1;
			remoteGlobalIDString = "Kanna::Kanna";
			remoteInfo = Kanna;
		};
		8453AA0221E82B8F0025F72D /* PBXContainerItemProxy */ = {
			isa = PBXContainerItemProxy;
			containerPortal = OBJ_1 /* Project object */;
			proxyType = 1;
			remoteGlobalIDString = "Files::Files";
			remoteInfo = Files;
		};
		8453AA0321E82B8F0025F72D /* PBXContainerItemProxy */ = {
			isa = PBXContainerItemProxy;
			containerPortal = OBJ_1 /* Project object */;
			proxyType = 1;
			remoteGlobalIDString = "CSV.swift::CSV";
			remoteInfo = CSV;
		};
		8453AA0421E82B8F0025F72D /* PBXContainerItemProxy */ = {
			isa = PBXContainerItemProxy;
			containerPortal = OBJ_1 /* Project object */;
			proxyType = 1;
			remoteGlobalIDString = "ScryLogHTMLParser::ScryLogHTMLParser";
			remoteInfo = ScryLogHTMLParser;
		};
		8453AA0521E82B8F0025F72D /* PBXContainerItemProxy */ = {
			isa = PBXContainerItemProxy;
			containerPortal = OBJ_1 /* Project object */;
			proxyType = 1;
			remoteGlobalIDString = "Kanna::Kanna";
			remoteInfo = Kanna;
		};
		8453AA0621E82B8F0025F72D /* PBXContainerItemProxy */ = {
			isa = PBXContainerItemProxy;
			containerPortal = OBJ_1 /* Project object */;
			proxyType = 1;
			remoteGlobalIDString = "Files::Files";
			remoteInfo = Files;
		};
		8453AA0721E82B8F0025F72D /* PBXContainerItemProxy */ = {
			isa = PBXContainerItemProxy;
			containerPortal = OBJ_1 /* Project object */;
			proxyType = 1;
			remoteGlobalIDString = "CSV.swift::CSV";
			remoteInfo = CSV;
		};
		8453AA0821E82DF80025F72D /* PBXContainerItemProxy */ = {
			isa = PBXContainerItemProxy;
			containerPortal = OBJ_1 /* Project object */;
			proxyType = 1;
			remoteGlobalIDString = "ScryLogFileService::ScryLogFileServiceTests";
			remoteInfo = ScryLogFileServiceTests;
		};
/* End PBXContainerItemProxy section */

/* Begin PBXFileReference section */
		8453AA0C21F233110025F72D /* ScryLogFileServiceTests.swift */ = {isa = PBXFileReference; fileEncoding = 4; lastKnownFileType = sourcecode.swift; name = ScryLogFileServiceTests.swift; path = Tests/ScryLogFileServiceTests.swift; sourceTree = "<group>"; };
		8453AA0D21F233120025F72D /* XCTestManifests.swift */ = {isa = PBXFileReference; fileEncoding = 4; lastKnownFileType = sourcecode.swift; name = XCTestManifests.swift; path = Tests/XCTestManifests.swift; sourceTree = "<group>"; };
		84AA92C521FE69E100DF9F89 /* Entity.swift */ = {isa = PBXFileReference; lastKnownFileType = sourcecode.swift; path = Entity.swift; sourceTree = "<group>"; };
		84AA92C821FE6A0200DF9F89 /* Version.swift */ = {isa = PBXFileReference; lastKnownFileType = sourcecode.swift; path = Version.swift; sourceTree = "<group>"; };
		"CSV.swift::CSV::Product" /* CSV.framework */ = {isa = PBXFileReference; lastKnownFileType = wrapper.framework; path = CSV.framework; sourceTree = BUILT_PRODUCTS_DIR; };
		"Files::Files::Product" /* Files.framework */ = {isa = PBXFileReference; lastKnownFileType = wrapper.framework; path = Files.framework; sourceTree = BUILT_PRODUCTS_DIR; };
		"Kanna::Kanna::Product" /* Kanna.framework */ = {isa = PBXFileReference; lastKnownFileType = wrapper.framework; path = Kanna.framework; sourceTree = BUILT_PRODUCTS_DIR; };
		OBJ_11 /* ScryLogFileService.swift */ = {isa = PBXFileReference; lastKnownFileType = sourcecode.swift; path = ScryLogFileService.swift; sourceTree = "<group>"; };
		OBJ_18 /* Package.swift */ = {isa = PBXFileReference; explicitFileType = sourcecode.swift; name = Package.swift; path = "/Users/roudique/Developer/ScryLog/ScryLogFileService/.build/checkouts/ScryLogHTMLParser.git-2370435224184037205/Package.swift"; sourceTree = "<group>"; };
		OBJ_20 /* Table.swift */ = {isa = PBXFileReference; lastKnownFileType = sourcecode.swift; path = Table.swift; sourceTree = "<group>"; };
		OBJ_21 /* ScryLogHTMLParser.swift */ = {isa = PBXFileReference; lastKnownFileType = sourcecode.swift; path = ScryLogHTMLParser.swift; sourceTree = "<group>"; };
		OBJ_23 /* Package.swift */ = {isa = PBXFileReference; explicitFileType = sourcecode.swift; name = Package.swift; path = "/Users/roudique/Developer/ScryLog/ScryLogFileService/.build/checkouts/Kanna.git-1008807813924384709/Package.swift"; sourceTree = "<group>"; };
		OBJ_25 /* CSS.swift */ = {isa = PBXFileReference; lastKnownFileType = sourcecode.swift; path = CSS.swift; sourceTree = "<group>"; };
		OBJ_26 /* Deprecated.swift */ = {isa = PBXFileReference; lastKnownFileType = sourcecode.swift; path = Deprecated.swift; sourceTree = "<group>"; };
		OBJ_27 /* Kanna.swift */ = {isa = PBXFileReference; lastKnownFileType = sourcecode.swift; path = Kanna.swift; sourceTree = "<group>"; };
		OBJ_28 /* libxmlHTMLDocument.swift */ = {isa = PBXFileReference; lastKnownFileType = sourcecode.swift; path = libxmlHTMLDocument.swift; sourceTree = "<group>"; };
		OBJ_29 /* libxmlHTMLNode.swift */ = {isa = PBXFileReference; lastKnownFileType = sourcecode.swift; path = libxmlHTMLNode.swift; sourceTree = "<group>"; };
		OBJ_30 /* libxmlParserOption.swift */ = {isa = PBXFileReference; lastKnownFileType = sourcecode.swift; path = libxmlParserOption.swift; sourceTree = "<group>"; };
		OBJ_32 /* Package.swift */ = {isa = PBXFileReference; explicitFileType = sourcecode.swift; name = Package.swift; path = "/Users/roudique/Developer/ScryLog/ScryLogFileService/.build/checkouts/files.git-6206955906506942530/Package.swift"; sourceTree = "<group>"; };
		OBJ_33 /* Files.swift */ = {isa = PBXFileReference; lastKnownFileType = sourcecode.swift; path = Files.swift; sourceTree = "<group>"; };
		OBJ_36 /* BinaryReader.swift */ = {isa = PBXFileReference; lastKnownFileType = sourcecode.swift; path = BinaryReader.swift; sourceTree = "<group>"; };
		OBJ_37 /* CSV.swift */ = {isa = PBXFileReference; lastKnownFileType = sourcecode.swift; path = CSV.swift; sourceTree = "<group>"; };
		OBJ_38 /* CSVError.swift */ = {isa = PBXFileReference; lastKnownFileType = sourcecode.swift; path = CSVError.swift; sourceTree = "<group>"; };
		OBJ_39 /* CSVReader.swift */ = {isa = PBXFileReference; lastKnownFileType = sourcecode.swift; path = CSVReader.swift; sourceTree = "<group>"; };
		OBJ_40 /* CSVRowDecoder.swift */ = {isa = PBXFileReference; lastKnownFileType = sourcecode.swift; path = CSVRowDecoder.swift; sourceTree = "<group>"; };
		OBJ_41 /* CSVWriter.swift */ = {isa = PBXFileReference; lastKnownFileType = sourcecode.swift; path = CSVWriter.swift; sourceTree = "<group>"; };
		OBJ_42 /* Endian.swift */ = {isa = PBXFileReference; lastKnownFileType = sourcecode.swift; path = Endian.swift; sourceTree = "<group>"; };
		OBJ_43 /* UnicodeIterator.swift */ = {isa = PBXFileReference; lastKnownFileType = sourcecode.swift; path = UnicodeIterator.swift; sourceTree = "<group>"; };
		OBJ_44 /* Package.swift */ = {isa = PBXFileReference; explicitFileType = sourcecode.swift; name = Package.swift; path = "/Users/roudique/Developer/ScryLog/ScryLogFileService/.build/checkouts/CSV.swift.git--5297123195025991760/Package.swift"; sourceTree = "<group>"; };
		OBJ_6 /* Package.swift */ = {isa = PBXFileReference; explicitFileType = sourcecode.swift; path = Package.swift; sourceTree = "<group>"; };
		OBJ_9 /* TableExtension.swift */ = {isa = PBXFileReference; lastKnownFileType = sourcecode.swift; path = TableExtension.swift; sourceTree = "<group>"; };
		"ScryLogFileService::ScryLogFileService::Product" /* ScryLogFileService.framework */ = {isa = PBXFileReference; lastKnownFileType = wrapper.framework; path = ScryLogFileService.framework; sourceTree = BUILT_PRODUCTS_DIR; };
		"ScryLogFileService::ScryLogFileServiceTests::Product" /* ScryLogFileServiceTests.xctest */ = {isa = PBXFileReference; lastKnownFileType = file; path = ScryLogFileServiceTests.xctest; sourceTree = BUILT_PRODUCTS_DIR; };
		"ScryLogHTMLParser::ScryLogHTMLParser::Product" /* ScryLogHTMLParser.framework */ = {isa = PBXFileReference; lastKnownFileType = wrapper.framework; path = ScryLogHTMLParser.framework; sourceTree = BUILT_PRODUCTS_DIR; };
/* End PBXFileReference section */

/* Begin PBXFrameworksBuildPhase section */
		OBJ_110 /* Frameworks */ = {
			isa = PBXFrameworksBuildPhase;
			buildActionMask = 0;
			files = (
				OBJ_111 /* ScryLogHTMLParser.framework in Frameworks */,
				OBJ_112 /* Kanna.framework in Frameworks */,
				OBJ_113 /* Files.framework in Frameworks */,
				OBJ_114 /* CSV.framework in Frameworks */,
			);
			runOnlyForDeploymentPostprocessing = 0;
		};
		OBJ_138 /* Frameworks */ = {
			isa = PBXFrameworksBuildPhase;
			buildActionMask = 0;
			files = (
				OBJ_139 /* ScryLogHTMLParser.framework in Frameworks */,
				8453AA1021F233BE0025F72D /* ScryLogFileService.framework in Frameworks */,
				OBJ_140 /* Kanna.framework in Frameworks */,
				OBJ_141 /* Files.framework in Frameworks */,
				OBJ_142 /* CSV.framework in Frameworks */,
			);
			runOnlyForDeploymentPostprocessing = 0;
		};
		OBJ_153 /* Frameworks */ = {
			isa = PBXFrameworksBuildPhase;
			buildActionMask = 0;
			files = (
				OBJ_154 /* Kanna.framework in Frameworks */,
			);
			runOnlyForDeploymentPostprocessing = 0;
		};
		OBJ_65 /* Frameworks */ = {
			isa = PBXFrameworksBuildPhase;
			buildActionMask = 0;
			files = (
			);
			runOnlyForDeploymentPostprocessing = 0;
		};
		OBJ_78 /* Frameworks */ = {
			isa = PBXFrameworksBuildPhase;
			buildActionMask = 0;
			files = (
			);
			runOnlyForDeploymentPostprocessing = 0;
		};
		OBJ_96 /* Frameworks */ = {
			isa = PBXFrameworksBuildPhase;
			buildActionMask = 0;
			files = (
			);
			runOnlyForDeploymentPostprocessing = 0;
		};
/* End PBXFrameworksBuildPhase section */

/* Begin PBXGroup section */
		84AA92C421FE69CA00DF9F89 /* Model */ = {
			isa = PBXGroup;
			children = (
				84AA92C521FE69E100DF9F89 /* Entity.swift */,
				84AA92C821FE6A0200DF9F89 /* Version.swift */,
			);
			path = Model;
			sourceTree = "<group>";
		};
		OBJ_10 /* ScryLogFileService */ = {
			isa = PBXGroup;
			children = (
				OBJ_11 /* ScryLogFileService.swift */,
			);
			path = ScryLogFileService;
			sourceTree = "<group>";
		};
		OBJ_12 /* Tests */ = {
			isa = PBXGroup;
			children = (
				8453AA0C21F233110025F72D /* ScryLogFileServiceTests.swift */,
				8453AA0D21F233120025F72D /* XCTestManifests.swift */,
			);
			name = Tests;
			sourceTree = SOURCE_ROOT;
		};
		OBJ_16 /* Dependencies */ = {
			isa = PBXGroup;
			children = (
				OBJ_17 /* ScryLogHTMLParser 0.1.3 */,
				OBJ_22 /* Kanna 4.0.2 */,
				OBJ_31 /* Files 2.2.1 */,
				OBJ_34 /* CSV.swift 2.3.1 */,
			);
			name = Dependencies;
			sourceTree = "<group>";
		};
		OBJ_17 /* ScryLogHTMLParser 0.1.3 */ = {
			isa = PBXGroup;
			children = (
				OBJ_18 /* Package.swift */,
				OBJ_19 /* Model */,
				OBJ_21 /* ScryLogHTMLParser.swift */,
			);
			name = "ScryLogHTMLParser 0.1.3";
			path = ".build/checkouts/ScryLogHTMLParser.git-2370435224184037205/Sources";
			sourceTree = SOURCE_ROOT;
		};
		OBJ_19 /* Model */ = {
			isa = PBXGroup;
			children = (
				OBJ_20 /* Table.swift */,
			);
			path = Model;
			sourceTree = "<group>";
		};
		OBJ_22 /* Kanna 4.0.2 */ = {
			isa = PBXGroup;
			children = (
				OBJ_23 /* Package.swift */,
				OBJ_24 /* Kanna */,
			);
			name = "Kanna 4.0.2";
			path = ".build/checkouts/Kanna.git-1008807813924384709/Sources";
			sourceTree = SOURCE_ROOT;
		};
		OBJ_24 /* Kanna */ = {
			isa = PBXGroup;
			children = (
				OBJ_25 /* CSS.swift */,
				OBJ_26 /* Deprecated.swift */,
				OBJ_27 /* Kanna.swift */,
				OBJ_28 /* libxmlHTMLDocument.swift */,
				OBJ_29 /* libxmlHTMLNode.swift */,
				OBJ_30 /* libxmlParserOption.swift */,
			);
			path = Kanna;
			sourceTree = "<group>";
		};
		OBJ_31 /* Files 2.2.1 */ = {
			isa = PBXGroup;
			children = (
				OBJ_32 /* Package.swift */,
				OBJ_33 /* Files.swift */,
			);
			name = "Files 2.2.1";
			path = ".build/checkouts/files.git-6206955906506942530/Sources";
			sourceTree = SOURCE_ROOT;
		};
		OBJ_34 /* CSV.swift 2.3.1 */ = {
			isa = PBXGroup;
			children = (
				OBJ_35 /* CSV */,
				OBJ_44 /* Package.swift */,
			);
			name = "CSV.swift 2.3.1";
			sourceTree = SOURCE_ROOT;
		};
		OBJ_35 /* CSV */ = {
			isa = PBXGroup;
			children = (
				OBJ_36 /* BinaryReader.swift */,
				OBJ_37 /* CSV.swift */,
				OBJ_38 /* CSVError.swift */,
				OBJ_39 /* CSVReader.swift */,
				OBJ_40 /* CSVRowDecoder.swift */,
				OBJ_41 /* CSVWriter.swift */,
				OBJ_42 /* Endian.swift */,
				OBJ_43 /* UnicodeIterator.swift */,
			);
			name = CSV;
			path = ".build/checkouts/CSV.swift.git--5297123195025991760/Sources/CSV";
			sourceTree = SOURCE_ROOT;
		};
		OBJ_45 /* Products */ = {
			isa = PBXGroup;
			children = (
				"ScryLogFileService::ScryLogFileServiceTests::Product" /* ScryLogFileServiceTests.xctest */,
				"Kanna::Kanna::Product" /* Kanna.framework */,
				"ScryLogFileService::ScryLogFileService::Product" /* ScryLogFileService.framework */,
				"ScryLogHTMLParser::ScryLogHTMLParser::Product" /* ScryLogHTMLParser.framework */,
				"CSV.swift::CSV::Product" /* CSV.framework */,
				"Files::Files::Product" /* Files.framework */,
			);
			name = Products;
			sourceTree = BUILT_PRODUCTS_DIR;
		};
		OBJ_5 = {
			isa = PBXGroup;
			children = (
				OBJ_6 /* Package.swift */,
				OBJ_7 /* Sources */,
				OBJ_12 /* Tests */,
				OBJ_16 /* Dependencies */,
				OBJ_45 /* Products */,
			);
			sourceTree = "<group>";
		};
		OBJ_7 /* Sources */ = {
			isa = PBXGroup;
			children = (
				84AA92C421FE69CA00DF9F89 /* Model */,
				OBJ_8 /* Extensions */,
				OBJ_10 /* ScryLogFileService */,
			);
			path = Sources;
			sourceTree = SOURCE_ROOT;
		};
		OBJ_8 /* Extensions */ = {
			isa = PBXGroup;
			children = (
				OBJ_9 /* TableExtension.swift */,
			);
			path = Extensions;
			sourceTree = "<group>";
		};
/* End PBXGroup section */

/* Begin PBXNativeTarget section */
		"CSV.swift::CSV" /* CSV */ = {
			isa = PBXNativeTarget;
			buildConfigurationList = OBJ_53 /* Build configuration list for PBXNativeTarget "CSV" */;
			buildPhases = (
				OBJ_56 /* Sources */,
				OBJ_65 /* Frameworks */,
			);
			buildRules = (
			);
			dependencies = (
			);
			name = CSV;
			productName = CSV;
			productReference = "CSV.swift::CSV::Product" /* CSV.framework */;
			productType = "com.apple.product-type.framework";
		};
		"CSV.swift::SwiftPMPackageDescription" /* CSV.swiftPackageDescription */ = {
			isa = PBXNativeTarget;
			buildConfigurationList = OBJ_67 /* Build configuration list for PBXNativeTarget "CSV.swiftPackageDescription" */;
			buildPhases = (
				OBJ_70 /* Sources */,
			);
			buildRules = (
			);
			dependencies = (
			);
			name = CSV.swiftPackageDescription;
			productName = CSV.swiftPackageDescription;
			productType = "com.apple.product-type.framework";
		};
		"Files::Files" /* Files */ = {
			isa = PBXNativeTarget;
			buildConfigurationList = OBJ_73 /* Build configuration list for PBXNativeTarget "Files" */;
			buildPhases = (
				OBJ_76 /* Sources */,
				OBJ_78 /* Frameworks */,
			);
			buildRules = (
			);
			dependencies = (
			);
			name = Files;
			productName = Files;
			productReference = "Files::Files::Product" /* Files.framework */;
			productType = "com.apple.product-type.framework";
		};
		"Files::SwiftPMPackageDescription" /* FilesPackageDescription */ = {
			isa = PBXNativeTarget;
			buildConfigurationList = OBJ_80 /* Build configuration list for PBXNativeTarget "FilesPackageDescription" */;
			buildPhases = (
				OBJ_83 /* Sources */,
			);
			buildRules = (
			);
			dependencies = (
			);
			name = FilesPackageDescription;
			productName = FilesPackageDescription;
			productType = "com.apple.product-type.framework";
		};
		"Kanna::Kanna" /* Kanna */ = {
			isa = PBXNativeTarget;
			buildConfigurationList = OBJ_86 /* Build configuration list for PBXNativeTarget "Kanna" */;
			buildPhases = (
				OBJ_89 /* Sources */,
				OBJ_96 /* Frameworks */,
			);
			buildRules = (
			);
			dependencies = (
			);
			name = Kanna;
			productName = Kanna;
			productReference = "Kanna::Kanna::Product" /* Kanna.framework */;
			productType = "com.apple.product-type.framework";
		};
		"Kanna::SwiftPMPackageDescription" /* KannaPackageDescription */ = {
			isa = PBXNativeTarget;
			buildConfigurationList = OBJ_98 /* Build configuration list for PBXNativeTarget "KannaPackageDescription" */;
			buildPhases = (
				OBJ_101 /* Sources */,
			);
			buildRules = (
			);
			dependencies = (
			);
			name = KannaPackageDescription;
			productName = KannaPackageDescription;
			productType = "com.apple.product-type.framework";
		};
		"ScryLogFileService::ScryLogFileService" /* ScryLogFileService */ = {
			isa = PBXNativeTarget;
			buildConfigurationList = OBJ_104 /* Build configuration list for PBXNativeTarget "ScryLogFileService" */;
			buildPhases = (
				OBJ_107 /* Sources */,
				OBJ_110 /* Frameworks */,
				8453AA0921E8380B0025F72D /* ShellScript */,
			);
			buildRules = (
			);
			dependencies = (
				OBJ_115 /* PBXTargetDependency */,
				OBJ_117 /* PBXTargetDependency */,
				OBJ_118 /* PBXTargetDependency */,
				OBJ_119 /* PBXTargetDependency */,
			);
			name = ScryLogFileService;
			productName = ScryLogFileService;
			productReference = "ScryLogFileService::ScryLogFileService::Product" /* ScryLogFileService.framework */;
			productType = "com.apple.product-type.framework";
		};
		"ScryLogFileService::ScryLogFileServiceTests" /* ScryLogFileServiceTests */ = {
			isa = PBXNativeTarget;
			buildConfigurationList = OBJ_132 /* Build configuration list for PBXNativeTarget "ScryLogFileServiceTests" */;
			buildPhases = (
				OBJ_135 /* Sources */,
				OBJ_138 /* Frameworks */,
			);
			buildRules = (
			);
			dependencies = (
				OBJ_143 /* PBXTargetDependency */,
				OBJ_144 /* PBXTargetDependency */,
				OBJ_145 /* PBXTargetDependency */,
				OBJ_146 /* PBXTargetDependency */,
			);
			name = ScryLogFileServiceTests;
			productName = ScryLogFileServiceTests;
			productReference = "ScryLogFileService::ScryLogFileServiceTests::Product" /* ScryLogFileServiceTests.xctest */;
			productType = "com.apple.product-type.bundle.unit-test";
		};
		"ScryLogFileService::SwiftPMPackageDescription" /* ScryLogFileServicePackageDescription */ = {
			isa = PBXNativeTarget;
			buildConfigurationList = OBJ_121 /* Build configuration list for PBXNativeTarget "ScryLogFileServicePackageDescription" */;
			buildPhases = (
				OBJ_124 /* Sources */,
			);
			buildRules = (
			);
			dependencies = (
			);
			name = ScryLogFileServicePackageDescription;
			productName = ScryLogFileServicePackageDescription;
			productType = "com.apple.product-type.framework";
		};
		"ScryLogHTMLParser::ScryLogHTMLParser" /* ScryLogHTMLParser */ = {
			isa = PBXNativeTarget;
			buildConfigurationList = OBJ_147 /* Build configuration list for PBXNativeTarget "ScryLogHTMLParser" */;
			buildPhases = (
				OBJ_150 /* Sources */,
				OBJ_153 /* Frameworks */,
			);
			buildRules = (
			);
			dependencies = (
				OBJ_155 /* PBXTargetDependency */,
			);
			name = ScryLogHTMLParser;
			productName = ScryLogHTMLParser;
			productReference = "ScryLogHTMLParser::ScryLogHTMLParser::Product" /* ScryLogHTMLParser.framework */;
			productType = "com.apple.product-type.framework";
		};
		"ScryLogHTMLParser::SwiftPMPackageDescription" /* ScryLogHTMLParserPackageDescription */ = {
			isa = PBXNativeTarget;
			buildConfigurationList = OBJ_157 /* Build configuration list for PBXNativeTarget "ScryLogHTMLParserPackageDescription" */;
			buildPhases = (
				OBJ_160 /* Sources */,
			);
			buildRules = (
			);
			dependencies = (
			);
			name = ScryLogHTMLParserPackageDescription;
			productName = ScryLogHTMLParserPackageDescription;
			productType = "com.apple.product-type.framework";
		};
/* End PBXNativeTarget section */

/* Begin PBXProject section */
		OBJ_1 /* Project object */ = {
			isa = PBXProject;
			attributes = {
				LastUpgradeCheck = 9999;
				TargetAttributes = {
					"CSV.swift::CSV" = {
						LastSwiftMigration = 1010;
					};
					"Files::Files" = {
						LastSwiftMigration = 1010;
					};
					"Kanna::Kanna" = {
						LastSwiftMigration = 1010;
					};
				};
			};
			buildConfigurationList = OBJ_2 /* Build configuration list for PBXProject "ScryLogFileService" */;
			compatibilityVersion = "Xcode 3.2";
			developmentRegion = English;
			hasScannedForEncodings = 0;
			knownRegions = (
				en,
			);
			mainGroup = OBJ_5;
			productRefGroup = OBJ_45 /* Products */;
			projectDirPath = "";
			projectRoot = "";
			targets = (
				"CSV.swift::CSV" /* CSV */,
				"CSV.swift::SwiftPMPackageDescription" /* CSV.swiftPackageDescription */,
				"Files::Files" /* Files */,
				"Files::SwiftPMPackageDescription" /* FilesPackageDescription */,
				"Kanna::Kanna" /* Kanna */,
				"Kanna::SwiftPMPackageDescription" /* KannaPackageDescription */,
				"ScryLogFileService::ScryLogFileService" /* ScryLogFileService */,
				"ScryLogFileService::SwiftPMPackageDescription" /* ScryLogFileServicePackageDescription */,
				"ScryLogFileService::ScryLogFileServicePackageTests::ProductTarget" /* ScryLogFileServicePackageTests */,
				"ScryLogFileService::ScryLogFileServiceTests" /* ScryLogFileServiceTests */,
				"ScryLogHTMLParser::ScryLogHTMLParser" /* ScryLogHTMLParser */,
				"ScryLogHTMLParser::SwiftPMPackageDescription" /* ScryLogHTMLParserPackageDescription */,
			);
		};
/* End PBXProject section */

/* Begin PBXShellScriptBuildPhase section */
		8453AA0921E8380B0025F72D /* ShellScript */ = {
			isa = PBXShellScriptBuildPhase;
			buildActionMask = 2147483647;
			files = (
			);
			inputFileListPaths = (
			);
			inputPaths = (
			);
			outputFileListPaths = (
			);
			outputPaths = (
			);
			runOnlyForDeploymentPostprocessing = 0;
			shellPath = /bin/sh;
			shellScript = "if which swiftlint >/dev/null; then\nswiftlint\nelse\necho \"warning: SwiftLint not installed, download from https://github.com/realm/SwiftLint\"\nfi\n";
		};
/* End PBXShellScriptBuildPhase section */

/* Begin PBXSourcesBuildPhase section */
		OBJ_101 /* Sources */ = {
			isa = PBXSourcesBuildPhase;
			buildActionMask = 0;
			files = (
				OBJ_102 /* Package.swift in Sources */,
			);
			runOnlyForDeploymentPostprocessing = 0;
		};
		OBJ_107 /* Sources */ = {
			isa = PBXSourcesBuildPhase;
			buildActionMask = 0;
			files = (
				OBJ_108 /* TableExtension.swift in Sources */,
				OBJ_109 /* ScryLogFileService.swift in Sources */,
				84AA92C921FE6A0200DF9F89 /* Version.swift in Sources */,
				84AA92C621FE69E100DF9F89 /* Entity.swift in Sources */,
			);
			runOnlyForDeploymentPostprocessing = 0;
		};
		OBJ_124 /* Sources */ = {
			isa = PBXSourcesBuildPhase;
			buildActionMask = 0;
			files = (
				OBJ_125 /* Package.swift in Sources */,
			);
			runOnlyForDeploymentPostprocessing = 0;
		};
		OBJ_135 /* Sources */ = {
			isa = PBXSourcesBuildPhase;
			buildActionMask = 0;
			files = (
				8453AA0E21F233120025F72D /* ScryLogFileServiceTests.swift in Sources */,
				84AA92C721FE69E100DF9F89 /* Entity.swift in Sources */,
				8453AA0F21F233120025F72D /* XCTestManifests.swift in Sources */,
				8453AA0A21F232360025F72D /* TableExtension.swift in Sources */,
				84AA92CA21FE6A0200DF9F89 /* Version.swift in Sources */,
				8453AA0B21F2323D0025F72D /* ScryLogFileService.swift in Sources */,
			);
			runOnlyForDeploymentPostprocessing = 0;
		};
		OBJ_150 /* Sources */ = {
			isa = PBXSourcesBuildPhase;
			buildActionMask = 0;
			files = (
				OBJ_151 /* Table.swift in Sources */,
				OBJ_152 /* ScryLogHTMLParser.swift in Sources */,
			);
			runOnlyForDeploymentPostprocessing = 0;
		};
		OBJ_160 /* Sources */ = {
			isa = PBXSourcesBuildPhase;
			buildActionMask = 0;
			files = (
				OBJ_161 /* Package.swift in Sources */,
			);
			runOnlyForDeploymentPostprocessing = 0;
		};
		OBJ_56 /* Sources */ = {
			isa = PBXSourcesBuildPhase;
			buildActionMask = 0;
			files = (
				OBJ_57 /* BinaryReader.swift in Sources */,
				OBJ_58 /* CSV.swift in Sources */,
				OBJ_59 /* CSVError.swift in Sources */,
				OBJ_60 /* CSVReader.swift in Sources */,
				OBJ_61 /* CSVRowDecoder.swift in Sources */,
				OBJ_62 /* CSVWriter.swift in Sources */,
				OBJ_63 /* Endian.swift in Sources */,
				OBJ_64 /* UnicodeIterator.swift in Sources */,
			);
			runOnlyForDeploymentPostprocessing = 0;
		};
		OBJ_70 /* Sources */ = {
			isa = PBXSourcesBuildPhase;
			buildActionMask = 0;
			files = (
				OBJ_71 /* Package.swift in Sources */,
			);
			runOnlyForDeploymentPostprocessing = 0;
		};
		OBJ_76 /* Sources */ = {
			isa = PBXSourcesBuildPhase;
			buildActionMask = 0;
			files = (
				OBJ_77 /* Files.swift in Sources */,
			);
			runOnlyForDeploymentPostprocessing = 0;
		};
		OBJ_83 /* Sources */ = {
			isa = PBXSourcesBuildPhase;
			buildActionMask = 0;
			files = (
				OBJ_84 /* Package.swift in Sources */,
			);
			runOnlyForDeploymentPostprocessing = 0;
		};
		OBJ_89 /* Sources */ = {
			isa = PBXSourcesBuildPhase;
			buildActionMask = 0;
			files = (
				OBJ_90 /* CSS.swift in Sources */,
				OBJ_91 /* Deprecated.swift in Sources */,
				OBJ_92 /* Kanna.swift in Sources */,
				OBJ_93 /* libxmlHTMLDocument.swift in Sources */,
				OBJ_94 /* libxmlHTMLNode.swift in Sources */,
				OBJ_95 /* libxmlParserOption.swift in Sources */,
			);
			runOnlyForDeploymentPostprocessing = 0;
		};
/* End PBXSourcesBuildPhase section */

/* Begin PBXTargetDependency section */
		OBJ_115 /* PBXTargetDependency */ = {
			isa = PBXTargetDependency;
			target = "ScryLogHTMLParser::ScryLogHTMLParser" /* ScryLogHTMLParser */;
			targetProxy = 8453A9FF21E82B8F0025F72D /* PBXContainerItemProxy */;
		};
		OBJ_117 /* PBXTargetDependency */ = {
			isa = PBXTargetDependency;
			target = "Kanna::Kanna" /* Kanna */;
			targetProxy = 8453AA0121E82B8F0025F72D /* PBXContainerItemProxy */;
		};
		OBJ_118 /* PBXTargetDependency */ = {
			isa = PBXTargetDependency;
			target = "Files::Files" /* Files */;
			targetProxy = 8453AA0221E82B8F0025F72D /* PBXContainerItemProxy */;
		};
		OBJ_119 /* PBXTargetDependency */ = {
			isa = PBXTargetDependency;
			target = "CSV.swift::CSV" /* CSV */;
			targetProxy = 8453AA0321E82B8F0025F72D /* PBXContainerItemProxy */;
		};
		OBJ_130 /* PBXTargetDependency */ = {
			isa = PBXTargetDependency;
			target = "ScryLogFileService::ScryLogFileServiceTests" /* ScryLogFileServiceTests */;
			targetProxy = 8453AA0821E82DF80025F72D /* PBXContainerItemProxy */;
		};
		OBJ_143 /* PBXTargetDependency */ = {
			isa = PBXTargetDependency;
			target = "ScryLogHTMLParser::ScryLogHTMLParser" /* ScryLogHTMLParser */;
			targetProxy = 8453AA0421E82B8F0025F72D /* PBXContainerItemProxy */;
		};
		OBJ_144 /* PBXTargetDependency */ = {
			isa = PBXTargetDependency;
			target = "Kanna::Kanna" /* Kanna */;
			targetProxy = 8453AA0521E82B8F0025F72D /* PBXContainerItemProxy */;
		};
		OBJ_145 /* PBXTargetDependency */ = {
			isa = PBXTargetDependency;
			target = "Files::Files" /* Files */;
			targetProxy = 8453AA0621E82B8F0025F72D /* PBXContainerItemProxy */;
		};
		OBJ_146 /* PBXTargetDependency */ = {
			isa = PBXTargetDependency;
			target = "CSV.swift::CSV" /* CSV */;
			targetProxy = 8453AA0721E82B8F0025F72D /* PBXContainerItemProxy */;
		};
		OBJ_155 /* PBXTargetDependency */ = {
			isa = PBXTargetDependency;
			target = "Kanna::Kanna" /* Kanna */;
			targetProxy = 8453AA0021E82B8F0025F72D /* PBXContainerItemProxy */;
		};
/* End PBXTargetDependency section */

/* Begin XCBuildConfiguration section */
		OBJ_100 /* Release */ = {
			isa = XCBuildConfiguration;
			buildSettings = {
				LD = /usr/bin/true;
				OTHER_SWIFT_FLAGS = "-swift-version 4 -I $(TOOLCHAIN_DIR)/usr/lib/swift/pm/4 -target x86_64-apple-macosx10.10 -sdk /Applications/Xcode.app/Contents/Developer/Platforms/MacOSX.platform/Developer/SDKs/MacOSX10.14.sdk";
				SWIFT_VERSION = 4.0;
			};
			name = Release;
		};
		OBJ_105 /* Debug */ = {
			isa = XCBuildConfiguration;
			buildSettings = {
				ENABLE_TESTABILITY = YES;
				FRAMEWORK_SEARCH_PATHS = (
					"$(inherited)",
					"$(PLATFORM_DIR)/Developer/Library/Frameworks",
				);
				HEADER_SEARCH_PATHS = (
					"$(inherited)",
					"$(SRCROOT)/.build/checkouts/SwiftClibxml2.git-8336608593304989130",
				);
				INFOPLIST_FILE = ScryLogFileService.xcodeproj/ScryLogFileService_Info.plist;
				LD_RUNPATH_SEARCH_PATHS = "$(inherited) $(TOOLCHAIN_DIR)/usr/lib/swift/macosx";
				OTHER_CFLAGS = (
					"$(inherited)",
					"-I/usr/local/Cellar/libxml2/2.9.4/include/libxml2",
				);
				OTHER_LDFLAGS = (
					"$(inherited)",
					"-L/usr/local/Cellar/libxml2/2.9.4/lib",
					"-lxml2",
				);
				OTHER_SWIFT_FLAGS = "$(inherited) -I/usr/local/Cellar/libxml2/2.9.4/include/libxml2";
				PRODUCT_BUNDLE_IDENTIFIER = ScryLogFileService;
				PRODUCT_MODULE_NAME = "$(TARGET_NAME:c99extidentifier)";
				PRODUCT_NAME = "$(TARGET_NAME:c99extidentifier)";
				SKIP_INSTALL = YES;
				SWIFT_ACTIVE_COMPILATION_CONDITIONS = "$(inherited)";
				SWIFT_VERSION = 4.2;
				TARGET_NAME = ScryLogFileService;
			};
			name = Debug;
		};
		OBJ_106 /* Release */ = {
			isa = XCBuildConfiguration;
			buildSettings = {
				ENABLE_TESTABILITY = YES;
				FRAMEWORK_SEARCH_PATHS = (
					"$(inherited)",
					"$(PLATFORM_DIR)/Developer/Library/Frameworks",
				);
				HEADER_SEARCH_PATHS = (
					"$(inherited)",
					"$(SRCROOT)/.build/checkouts/SwiftClibxml2.git-8336608593304989130",
				);
				INFOPLIST_FILE = ScryLogFileService.xcodeproj/ScryLogFileService_Info.plist;
				LD_RUNPATH_SEARCH_PATHS = "$(inherited) $(TOOLCHAIN_DIR)/usr/lib/swift/macosx";
				OTHER_CFLAGS = (
					"$(inherited)",
					"-I/usr/local/Cellar/libxml2/2.9.4/include/libxml2",
				);
				OTHER_LDFLAGS = (
					"$(inherited)",
					"-L/usr/local/Cellar/libxml2/2.9.4/lib",
					"-lxml2",
				);
				OTHER_SWIFT_FLAGS = "$(inherited) -I/usr/local/Cellar/libxml2/2.9.4/include/libxml2";
				PRODUCT_BUNDLE_IDENTIFIER = ScryLogFileService;
				PRODUCT_MODULE_NAME = "$(TARGET_NAME:c99extidentifier)";
				PRODUCT_NAME = "$(TARGET_NAME:c99extidentifier)";
				SKIP_INSTALL = YES;
				SWIFT_ACTIVE_COMPILATION_CONDITIONS = "$(inherited)";
				SWIFT_VERSION = 4.2;
				TARGET_NAME = ScryLogFileService;
			};
			name = Release;
		};
		OBJ_122 /* Debug */ = {
			isa = XCBuildConfiguration;
			buildSettings = {
				LD = /usr/bin/true;
				OTHER_SWIFT_FLAGS = "-swift-version 4.2 -I $(TOOLCHAIN_DIR)/usr/lib/swift/pm/4_2 -target x86_64-apple-macosx10.10 -sdk /Applications/Xcode.app/Contents/Developer/Platforms/MacOSX.platform/Developer/SDKs/MacOSX10.14.sdk";
				SWIFT_VERSION = 4.2;
			};
			name = Debug;
		};
		OBJ_123 /* Release */ = {
			isa = XCBuildConfiguration;
			buildSettings = {
				LD = /usr/bin/true;
				OTHER_SWIFT_FLAGS = "-swift-version 4.2 -I $(TOOLCHAIN_DIR)/usr/lib/swift/pm/4_2 -target x86_64-apple-macosx10.10 -sdk /Applications/Xcode.app/Contents/Developer/Platforms/MacOSX.platform/Developer/SDKs/MacOSX10.14.sdk";
				SWIFT_VERSION = 4.2;
			};
			name = Release;
		};
		OBJ_128 /* Debug */ = {
			isa = XCBuildConfiguration;
			buildSettings = {
			};
			name = Debug;
		};
		OBJ_129 /* Release */ = {
			isa = XCBuildConfiguration;
			buildSettings = {
			};
			name = Release;
		};
		OBJ_133 /* Debug */ = {
			isa = XCBuildConfiguration;
			buildSettings = {
				CLANG_ENABLE_MODULES = YES;
				EMBEDDED_CONTENT_CONTAINS_SWIFT = YES;
				FRAMEWORK_SEARCH_PATHS = (
					"$(inherited)",
					"$(PLATFORM_DIR)/Developer/Library/Frameworks",
				);
				HEADER_SEARCH_PATHS = (
					"$(inherited)",
					"$(SRCROOT)/.build/checkouts/SwiftClibxml2.git-8336608593304989130",
				);
				INFOPLIST_FILE = ScryLogFileService.xcodeproj/ScryLogFileServiceTests_Info.plist;
				LD_RUNPATH_SEARCH_PATHS = "$(inherited) @loader_path/../Frameworks @loader_path/Frameworks";
				OTHER_CFLAGS = (
					"$(inherited)",
					"-I/usr/local/Cellar/libxml2/2.9.4/include/libxml2",
				);
				OTHER_LDFLAGS = (
					"$(inherited)",
					"-L/usr/local/Cellar/libxml2/2.9.4/lib",
					"-lxml2",
				);
				OTHER_SWIFT_FLAGS = "$(inherited) -I/usr/local/Cellar/libxml2/2.9.4/include/libxml2";
				SWIFT_ACTIVE_COMPILATION_CONDITIONS = "$(inherited)";
				SWIFT_VERSION = 4.2;
				TARGET_NAME = ScryLogFileServiceTests;
			};
			name = Debug;
		};
		OBJ_134 /* Release */ = {
			isa = XCBuildConfiguration;
			buildSettings = {
				CLANG_ENABLE_MODULES = YES;
				EMBEDDED_CONTENT_CONTAINS_SWIFT = YES;
				FRAMEWORK_SEARCH_PATHS = (
					"$(inherited)",
					"$(PLATFORM_DIR)/Developer/Library/Frameworks",
				);
				HEADER_SEARCH_PATHS = (
					"$(inherited)",
					"$(SRCROOT)/.build/checkouts/SwiftClibxml2.git-8336608593304989130",
				);
				INFOPLIST_FILE = ScryLogFileService.xcodeproj/ScryLogFileServiceTests_Info.plist;
				LD_RUNPATH_SEARCH_PATHS = "$(inherited) @loader_path/../Frameworks @loader_path/Frameworks";
				OTHER_CFLAGS = (
					"$(inherited)",
					"-I/usr/local/Cellar/libxml2/2.9.4/include/libxml2",
				);
				OTHER_LDFLAGS = (
					"$(inherited)",
					"-L/usr/local/Cellar/libxml2/2.9.4/lib",
					"-lxml2",
				);
				OTHER_SWIFT_FLAGS = "$(inherited) -I/usr/local/Cellar/libxml2/2.9.4/include/libxml2";
				SWIFT_ACTIVE_COMPILATION_CONDITIONS = "$(inherited)";
				SWIFT_VERSION = 4.2;
				TARGET_NAME = ScryLogFileServiceTests;
			};
			name = Release;
		};
		OBJ_148 /* Debug */ = {
			isa = XCBuildConfiguration;
			buildSettings = {
				ENABLE_TESTABILITY = YES;
				FRAMEWORK_SEARCH_PATHS = (
					"$(inherited)",
					"$(PLATFORM_DIR)/Developer/Library/Frameworks",
				);
				HEADER_SEARCH_PATHS = (
					"$(inherited)",
					"$(SRCROOT)/.build/checkouts/SwiftClibxml2.git-8336608593304989130",
				);
				INFOPLIST_FILE = ScryLogFileService.xcodeproj/ScryLogHTMLParser_Info.plist;
				LD_RUNPATH_SEARCH_PATHS = "$(inherited) $(TOOLCHAIN_DIR)/usr/lib/swift/macosx";
				OTHER_CFLAGS = (
					"$(inherited)",
					"-I/usr/local/Cellar/libxml2/2.9.4/include/libxml2",
				);
				OTHER_LDFLAGS = (
					"$(inherited)",
					"-L/usr/local/Cellar/libxml2/2.9.4/lib",
					"-lxml2",
				);
				OTHER_SWIFT_FLAGS = "$(inherited) -I/usr/local/Cellar/libxml2/2.9.4/include/libxml2";
				PRODUCT_BUNDLE_IDENTIFIER = ScryLogHTMLParser;
				PRODUCT_MODULE_NAME = "$(TARGET_NAME:c99extidentifier)";
				PRODUCT_NAME = "$(TARGET_NAME:c99extidentifier)";
				SKIP_INSTALL = YES;
				SWIFT_ACTIVE_COMPILATION_CONDITIONS = "$(inherited)";
				SWIFT_VERSION = 4.2;
				TARGET_NAME = ScryLogHTMLParser;
			};
			name = Debug;
		};
		OBJ_149 /* Release */ = {
			isa = XCBuildConfiguration;
			buildSettings = {
				ENABLE_TESTABILITY = YES;
				FRAMEWORK_SEARCH_PATHS = (
					"$(inherited)",
					"$(PLATFORM_DIR)/Developer/Library/Frameworks",
				);
				HEADER_SEARCH_PATHS = (
					"$(inherited)",
					"$(SRCROOT)/.build/checkouts/SwiftClibxml2.git-8336608593304989130",
				);
				INFOPLIST_FILE = ScryLogFileService.xcodeproj/ScryLogHTMLParser_Info.plist;
				LD_RUNPATH_SEARCH_PATHS = "$(inherited) $(TOOLCHAIN_DIR)/usr/lib/swift/macosx";
				OTHER_CFLAGS = (
					"$(inherited)",
					"-I/usr/local/Cellar/libxml2/2.9.4/include/libxml2",
				);
				OTHER_LDFLAGS = (
					"$(inherited)",
					"-L/usr/local/Cellar/libxml2/2.9.4/lib",
					"-lxml2",
				);
				OTHER_SWIFT_FLAGS = "$(inherited) -I/usr/local/Cellar/libxml2/2.9.4/include/libxml2";
				PRODUCT_BUNDLE_IDENTIFIER = ScryLogHTMLParser;
				PRODUCT_MODULE_NAME = "$(TARGET_NAME:c99extidentifier)";
				PRODUCT_NAME = "$(TARGET_NAME:c99extidentifier)";
				SKIP_INSTALL = YES;
				SWIFT_ACTIVE_COMPILATION_CONDITIONS = "$(inherited)";
				SWIFT_VERSION = 4.2;
				TARGET_NAME = ScryLogHTMLParser;
			};
			name = Release;
		};
		OBJ_158 /* Debug */ = {
			isa = XCBuildConfiguration;
			buildSettings = {
				LD = /usr/bin/true;
				OTHER_SWIFT_FLAGS = "-swift-version 4.2 -I $(TOOLCHAIN_DIR)/usr/lib/swift/pm/4_2 -target x86_64-apple-macosx10.10 -sdk /Applications/Xcode.app/Contents/Developer/Platforms/MacOSX.platform/Developer/SDKs/MacOSX10.14.sdk";
				SWIFT_VERSION = 4.2;
			};
			name = Debug;
		};
		OBJ_159 /* Release */ = {
			isa = XCBuildConfiguration;
			buildSettings = {
				LD = /usr/bin/true;
				OTHER_SWIFT_FLAGS = "-swift-version 4.2 -I $(TOOLCHAIN_DIR)/usr/lib/swift/pm/4_2 -target x86_64-apple-macosx10.10 -sdk /Applications/Xcode.app/Contents/Developer/Platforms/MacOSX.platform/Developer/SDKs/MacOSX10.14.sdk";
				SWIFT_VERSION = 4.2;
			};
			name = Release;
		};
		OBJ_3 /* Debug */ = {
			isa = XCBuildConfiguration;
			buildSettings = {
				CLANG_ENABLE_OBJC_ARC = YES;
				COMBINE_HIDPI_IMAGES = YES;
				COPY_PHASE_STRIP = NO;
				DEBUG_INFORMATION_FORMAT = dwarf;
				DYLIB_INSTALL_NAME_BASE = "@rpath";
				ENABLE_NS_ASSERTIONS = YES;
				GCC_OPTIMIZATION_LEVEL = 0;
				GCC_PREPROCESSOR_DEFINITIONS = (
					"DEBUG=1",
					"$(inherited)",
				);
				MACOSX_DEPLOYMENT_TARGET = 10.10;
				ONLY_ACTIVE_ARCH = YES;
				OTHER_SWIFT_FLAGS = "-DXcode";
				PRODUCT_NAME = "$(TARGET_NAME)";
				SDKROOT = macosx;
				SUPPORTED_PLATFORMS = "macosx iphoneos iphonesimulator appletvos appletvsimulator watchos watchsimulator";
				SWIFT_ACTIVE_COMPILATION_CONDITIONS = "SWIFT_PACKAGE DEBUG";
				SWIFT_OPTIMIZATION_LEVEL = "-Onone";
				USE_HEADERMAP = NO;
			};
			name = Debug;
		};
		OBJ_4 /* Release */ = {
			isa = XCBuildConfiguration;
			buildSettings = {
				CLANG_ENABLE_OBJC_ARC = YES;
				COMBINE_HIDPI_IMAGES = YES;
				COPY_PHASE_STRIP = YES;
				DEBUG_INFORMATION_FORMAT = "dwarf-with-dsym";
				DYLIB_INSTALL_NAME_BASE = "@rpath";
				GCC_OPTIMIZATION_LEVEL = s;
				MACOSX_DEPLOYMENT_TARGET = 10.10;
				OTHER_SWIFT_FLAGS = "-DXcode";
				PRODUCT_NAME = "$(TARGET_NAME)";
				SDKROOT = macosx;
				SUPPORTED_PLATFORMS = "macosx iphoneos iphonesimulator appletvos appletvsimulator watchos watchsimulator";
				SWIFT_ACTIVE_COMPILATION_CONDITIONS = SWIFT_PACKAGE;
				SWIFT_OPTIMIZATION_LEVEL = "-Owholemodule";
				USE_HEADERMAP = NO;
			};
			name = Release;
		};
		OBJ_54 /* Debug */ = {
			isa = XCBuildConfiguration;
			buildSettings = {
				ENABLE_TESTABILITY = YES;
				FRAMEWORK_SEARCH_PATHS = (
					"$(inherited)",
					"$(PLATFORM_DIR)/Developer/Library/Frameworks",
				);
				HEADER_SEARCH_PATHS = "$(inherited)";
				INFOPLIST_FILE = ScryLogFileService.xcodeproj/CSV_Info.plist;
				LD_RUNPATH_SEARCH_PATHS = "$(inherited) $(TOOLCHAIN_DIR)/usr/lib/swift/macosx";
				OTHER_CFLAGS = "$(inherited)";
				OTHER_LDFLAGS = "$(inherited)";
				OTHER_SWIFT_FLAGS = "$(inherited)";
				PRODUCT_BUNDLE_IDENTIFIER = CSV;
				PRODUCT_MODULE_NAME = "$(TARGET_NAME:c99extidentifier)";
				PRODUCT_NAME = "$(TARGET_NAME:c99extidentifier)";
				SKIP_INSTALL = YES;
				SWIFT_ACTIVE_COMPILATION_CONDITIONS = "$(inherited)";
				SWIFT_VERSION = 4.0;
				TARGET_NAME = CSV;
			};
			name = Debug;
		};
		OBJ_55 /* Release */ = {
			isa = XCBuildConfiguration;
			buildSettings = {
				ENABLE_TESTABILITY = YES;
				FRAMEWORK_SEARCH_PATHS = (
					"$(inherited)",
					"$(PLATFORM_DIR)/Developer/Library/Frameworks",
				);
				HEADER_SEARCH_PATHS = "$(inherited)";
				INFOPLIST_FILE = ScryLogFileService.xcodeproj/CSV_Info.plist;
				LD_RUNPATH_SEARCH_PATHS = "$(inherited) $(TOOLCHAIN_DIR)/usr/lib/swift/macosx";
				OTHER_CFLAGS = "$(inherited)";
				OTHER_LDFLAGS = "$(inherited)";
				OTHER_SWIFT_FLAGS = "$(inherited)";
				PRODUCT_BUNDLE_IDENTIFIER = CSV;
				PRODUCT_MODULE_NAME = "$(TARGET_NAME:c99extidentifier)";
				PRODUCT_NAME = "$(TARGET_NAME:c99extidentifier)";
				SKIP_INSTALL = YES;
				SWIFT_ACTIVE_COMPILATION_CONDITIONS = "$(inherited)";
				SWIFT_VERSION = 4.0;
				TARGET_NAME = CSV;
			};
			name = Release;
		};
		OBJ_68 /* Debug */ = {
			isa = XCBuildConfiguration;
			buildSettings = {
				LD = /usr/bin/true;
				OTHER_SWIFT_FLAGS = "-swift-version 4 -I $(TOOLCHAIN_DIR)/usr/lib/swift/pm/4 -target x86_64-apple-macosx10.10 -sdk /Applications/Xcode.app/Contents/Developer/Platforms/MacOSX.platform/Developer/SDKs/MacOSX10.14.sdk";
				SWIFT_VERSION = 4.0;
			};
			name = Debug;
		};
		OBJ_69 /* Release */ = {
			isa = XCBuildConfiguration;
			buildSettings = {
				LD = /usr/bin/true;
				OTHER_SWIFT_FLAGS = "-swift-version 4 -I $(TOOLCHAIN_DIR)/usr/lib/swift/pm/4 -target x86_64-apple-macosx10.10 -sdk /Applications/Xcode.app/Contents/Developer/Platforms/MacOSX.platform/Developer/SDKs/MacOSX10.14.sdk";
				SWIFT_VERSION = 4.0;
			};
			name = Release;
		};
		OBJ_74 /* Debug */ = {
			isa = XCBuildConfiguration;
			buildSettings = {
				ENABLE_TESTABILITY = YES;
				FRAMEWORK_SEARCH_PATHS = (
					"$(inherited)",
					"$(PLATFORM_DIR)/Developer/Library/Frameworks",
				);
				HEADER_SEARCH_PATHS = "$(inherited)";
				INFOPLIST_FILE = ScryLogFileService.xcodeproj/Files_Info.plist;
				LD_RUNPATH_SEARCH_PATHS = "$(inherited) $(TOOLCHAIN_DIR)/usr/lib/swift/macosx";
				OTHER_CFLAGS = "$(inherited)";
				OTHER_LDFLAGS = "$(inherited)";
				OTHER_SWIFT_FLAGS = "$(inherited)";
				PRODUCT_BUNDLE_IDENTIFIER = Files;
				PRODUCT_MODULE_NAME = "$(TARGET_NAME:c99extidentifier)";
				PRODUCT_NAME = "$(TARGET_NAME:c99extidentifier)";
				SKIP_INSTALL = YES;
				SWIFT_ACTIVE_COMPILATION_CONDITIONS = "$(inherited)";
				SWIFT_VERSION = 4.0;
				TARGET_NAME = Files;
			};
			name = Debug;
		};
		OBJ_75 /* Release */ = {
			isa = XCBuildConfiguration;
			buildSettings = {
				ENABLE_TESTABILITY = YES;
				FRAMEWORK_SEARCH_PATHS = (
					"$(inherited)",
					"$(PLATFORM_DIR)/Developer/Library/Frameworks",
				);
				HEADER_SEARCH_PATHS = "$(inherited)";
				INFOPLIST_FILE = ScryLogFileService.xcodeproj/Files_Info.plist;
				LD_RUNPATH_SEARCH_PATHS = "$(inherited) $(TOOLCHAIN_DIR)/usr/lib/swift/macosx";
				OTHER_CFLAGS = "$(inherited)";
				OTHER_LDFLAGS = "$(inherited)";
				OTHER_SWIFT_FLAGS = "$(inherited)";
				PRODUCT_BUNDLE_IDENTIFIER = Files;
				PRODUCT_MODULE_NAME = "$(TARGET_NAME:c99extidentifier)";
				PRODUCT_NAME = "$(TARGET_NAME:c99extidentifier)";
				SKIP_INSTALL = YES;
				SWIFT_ACTIVE_COMPILATION_CONDITIONS = "$(inherited)";
				SWIFT_VERSION = 4.0;
				TARGET_NAME = Files;
			};
			name = Release;
		};
		OBJ_81 /* Debug */ = {
			isa = XCBuildConfiguration;
			buildSettings = {
				LD = /usr/bin/true;
				OTHER_SWIFT_FLAGS = "-swift-version 4 -I $(TOOLCHAIN_DIR)/usr/lib/swift/pm/4 -target x86_64-apple-macosx10.10 -sdk /Applications/Xcode.app/Contents/Developer/Platforms/MacOSX.platform/Developer/SDKs/MacOSX10.14.sdk";
				SWIFT_VERSION = 4.0;
			};
			name = Debug;
		};
		OBJ_82 /* Release */ = {
			isa = XCBuildConfiguration;
			buildSettings = {
				LD = /usr/bin/true;
				OTHER_SWIFT_FLAGS = "-swift-version 4 -I $(TOOLCHAIN_DIR)/usr/lib/swift/pm/4 -target x86_64-apple-macosx10.10 -sdk /Applications/Xcode.app/Contents/Developer/Platforms/MacOSX.platform/Developer/SDKs/MacOSX10.14.sdk";
				SWIFT_VERSION = 4.0;
			};
			name = Release;
		};
		OBJ_87 /* Debug */ = {
			isa = XCBuildConfiguration;
			buildSettings = {
				ENABLE_TESTABILITY = YES;
				FRAMEWORK_SEARCH_PATHS = (
					"$(inherited)",
					"$(PLATFORM_DIR)/Developer/Library/Frameworks",
				);
				HEADER_SEARCH_PATHS = (
					"$(inherited)",
					"$(SRCROOT)/.build/checkouts/SwiftClibxml2.git-8336608593304989130",
				);
				INFOPLIST_FILE = ScryLogFileService.xcodeproj/Kanna_Info.plist;
				LD_RUNPATH_SEARCH_PATHS = "$(inherited) $(TOOLCHAIN_DIR)/usr/lib/swift/macosx";
				OTHER_CFLAGS = (
					"$(inherited)",
					"-I/usr/local/Cellar/libxml2/2.9.4/include/libxml2",
				);
				OTHER_LDFLAGS = (
					"$(inherited)",
					"-L/usr/local/Cellar/libxml2/2.9.4/lib",
					"-lxml2",
				);
				OTHER_SWIFT_FLAGS = "$(inherited) -I/usr/local/Cellar/libxml2/2.9.4/include/libxml2";
				PRODUCT_BUNDLE_IDENTIFIER = Kanna;
				PRODUCT_MODULE_NAME = "$(TARGET_NAME:c99extidentifier)";
				PRODUCT_NAME = "$(TARGET_NAME:c99extidentifier)";
				SKIP_INSTALL = YES;
				SWIFT_ACTIVE_COMPILATION_CONDITIONS = "$(inherited)";
				SWIFT_VERSION = 4.0;
				TARGET_NAME = Kanna;
			};
			name = Debug;
		};
		OBJ_88 /* Release */ = {
			isa = XCBuildConfiguration;
			buildSettings = {
				ENABLE_TESTABILITY = YES;
				FRAMEWORK_SEARCH_PATHS = (
					"$(inherited)",
					"$(PLATFORM_DIR)/Developer/Library/Frameworks",
				);
				HEADER_SEARCH_PATHS = (
					"$(inherited)",
					"$(SRCROOT)/.build/checkouts/SwiftClibxml2.git-8336608593304989130",
				);
				INFOPLIST_FILE = ScryLogFileService.xcodeproj/Kanna_Info.plist;
				LD_RUNPATH_SEARCH_PATHS = "$(inherited) $(TOOLCHAIN_DIR)/usr/lib/swift/macosx";
				OTHER_CFLAGS = (
					"$(inherited)",
					"-I/usr/local/Cellar/libxml2/2.9.4/include/libxml2",
				);
				OTHER_LDFLAGS = (
					"$(inherited)",
					"-L/usr/local/Cellar/libxml2/2.9.4/lib",
					"-lxml2",
				);
				OTHER_SWIFT_FLAGS = "$(inherited) -I/usr/local/Cellar/libxml2/2.9.4/include/libxml2";
				PRODUCT_BUNDLE_IDENTIFIER = Kanna;
				PRODUCT_MODULE_NAME = "$(TARGET_NAME:c99extidentifier)";
				PRODUCT_NAME = "$(TARGET_NAME:c99extidentifier)";
				SKIP_INSTALL = YES;
				SWIFT_ACTIVE_COMPILATION_CONDITIONS = "$(inherited)";
				SWIFT_VERSION = 4.0;
				TARGET_NAME = Kanna;
			};
			name = Release;
		};
		OBJ_99 /* Debug */ = {
			isa = XCBuildConfiguration;
			buildSettings = {
				LD = /usr/bin/true;
				OTHER_SWIFT_FLAGS = "-swift-version 4 -I $(TOOLCHAIN_DIR)/usr/lib/swift/pm/4 -target x86_64-apple-macosx10.10 -sdk /Applications/Xcode.app/Contents/Developer/Platforms/MacOSX.platform/Developer/SDKs/MacOSX10.14.sdk";
				SWIFT_VERSION = 4.0;
			};
			name = Debug;
		};
/* End XCBuildConfiguration section */

/* Begin XCConfigurationList section */
		OBJ_104 /* Build configuration list for PBXNativeTarget "ScryLogFileService" */ = {
			isa = XCConfigurationList;
			buildConfigurations = (
				OBJ_105 /* Debug */,
				OBJ_106 /* Release */,
			);
			defaultConfigurationIsVisible = 0;
			defaultConfigurationName = Release;
		};
		OBJ_121 /* Build configuration list for PBXNativeTarget "ScryLogFileServicePackageDescription" */ = {
			isa = XCConfigurationList;
			buildConfigurations = (
				OBJ_122 /* Debug */,
				OBJ_123 /* Release */,
			);
			defaultConfigurationIsVisible = 0;
			defaultConfigurationName = Release;
		};
		OBJ_127 /* Build configuration list for PBXAggregateTarget "ScryLogFileServicePackageTests" */ = {
			isa = XCConfigurationList;
			buildConfigurations = (
				OBJ_128 /* Debug */,
				OBJ_129 /* Release */,
			);
			defaultConfigurationIsVisible = 0;
			defaultConfigurationName = Release;
		};
		OBJ_132 /* Build configuration list for PBXNativeTarget "ScryLogFileServiceTests" */ = {
			isa = XCConfigurationList;
			buildConfigurations = (
				OBJ_133 /* Debug */,
				OBJ_134 /* Release */,
			);
			defaultConfigurationIsVisible = 0;
			defaultConfigurationName = Release;
		};
		OBJ_147 /* Build configuration list for PBXNativeTarget "ScryLogHTMLParser" */ = {
			isa = XCConfigurationList;
			buildConfigurations = (
				OBJ_148 /* Debug */,
				OBJ_149 /* Release */,
			);
			defaultConfigurationIsVisible = 0;
			defaultConfigurationName = Release;
		};
		OBJ_157 /* Build configuration list for PBXNativeTarget "ScryLogHTMLParserPackageDescription" */ = {
			isa = XCConfigurationList;
			buildConfigurations = (
				OBJ_158 /* Debug */,
				OBJ_159 /* Release */,
			);
			defaultConfigurationIsVisible = 0;
			defaultConfigurationName = Release;
		};
		OBJ_2 /* Build configuration list for PBXProject "ScryLogFileService" */ = {
			isa = XCConfigurationList;
			buildConfigurations = (
				OBJ_3 /* Debug */,
				OBJ_4 /* Release */,
			);
			defaultConfigurationIsVisible = 0;
			defaultConfigurationName = Release;
		};
		OBJ_53 /* Build configuration list for PBXNativeTarget "CSV" */ = {
			isa = XCConfigurationList;
			buildConfigurations = (
				OBJ_54 /* Debug */,
				OBJ_55 /* Release */,
			);
			defaultConfigurationIsVisible = 0;
			defaultConfigurationName = Release;
		};
		OBJ_67 /* Build configuration list for PBXNativeTarget "CSV.swiftPackageDescription" */ = {
			isa = XCConfigurationList;
			buildConfigurations = (
				OBJ_68 /* Debug */,
				OBJ_69 /* Release */,
			);
			defaultConfigurationIsVisible = 0;
			defaultConfigurationName = Release;
		};
		OBJ_73 /* Build configuration list for PBXNativeTarget "Files" */ = {
			isa = XCConfigurationList;
			buildConfigurations = (
				OBJ_74 /* Debug */,
				OBJ_75 /* Release */,
			);
			defaultConfigurationIsVisible = 0;
			defaultConfigurationName = Release;
		};
		OBJ_80 /* Build configuration list for PBXNativeTarget "FilesPackageDescription" */ = {
			isa = XCConfigurationList;
			buildConfigurations = (
				OBJ_81 /* Debug */,
				OBJ_82 /* Release */,
			);
			defaultConfigurationIsVisible = 0;
			defaultConfigurationName = Release;
		};
		OBJ_86 /* Build configuration list for PBXNativeTarget "Kanna" */ = {
			isa = XCConfigurationList;
			buildConfigurations = (
				OBJ_87 /* Debug */,
				OBJ_88 /* Release */,
			);
			defaultConfigurationIsVisible = 0;
			defaultConfigurationName = Release;
		};
		OBJ_98 /* Build configuration list for PBXNativeTarget "KannaPackageDescription" */ = {
			isa = XCConfigurationList;
			buildConfigurations = (
				OBJ_99 /* Debug */,
				OBJ_100 /* Release */,
			);
			defaultConfigurationIsVisible = 0;
			defaultConfigurationName = Release;
		};
/* End XCConfigurationList section */
	};
	rootObject = OBJ_1 /* Project object */;
}
